<?xml version="1.0" encoding="utf-8"?>
<Project ToolsVersion="4.0" xmlns="http://schemas.microsoft.com/developer/msbuild/2003">
  <ItemGroup>
    <Filter Include="ソース ファイル">
      <UniqueIdentifier>{4FC737F1-C7A5-4376-A066-2A32D752A2FF}</UniqueIdentifier>
      <Extensions>cpp;c;cc;cxx;c++;cppm;ixx;def;odl;idl;hpj;bat;asm;asmx</Extensions>
    </Filter>
    <Filter Include="ヘッダー ファイル">
      <UniqueIdentifier>{93995380-89BD-4b04-88EB-625FBE52EBFB}</UniqueIdentifier>
      <Extensions>h;hh;hpp;hxx;h++;hm;inl;inc;ipp;xsd</Extensions>
    </Filter>
    <Filter Include="リソース ファイル">
      <UniqueIdentifier>{67DA6AB6-F800-4c08-8B7A-83BB121AAD01}</UniqueIdentifier>
      <Extensions>rc;ico;cur;bmp;dlg;rc2;rct;bin;rgs;gif;jpg;jpeg;jpe;resx;tiff;tif;png;wav;mfcribbon-ms</Extensions>
    </Filter>
    <Filter Include="Obj">
      <UniqueIdentifier>{d7eb3bda-fe93-4df0-81c6-26eaa7b2d874}</UniqueIdentifier>
    </Filter>
    <Filter Include="ObjResource">
      <UniqueIdentifier>{cbdeda29-529f-40b8-b124-250a0ebc75f9}</UniqueIdentifier>
    </Filter>
    <Filter Include="Fbx">
      <UniqueIdentifier>{b94c17fe-31fc-479f-ba82-7cf5e2d10b3b}</UniqueIdentifier>
    </Filter>
    <Filter Include="ModelResource">
      <UniqueIdentifier>{fffa29f3-b5c7-4730-b3db-5702c740e129}</UniqueIdentifier>
    </Filter>
  </ItemGroup>
  <ItemGroup>
    <ClCompile Include="SourceCode\pch.cpp">
      <Filter>ソース ファイル</Filter>
    </ClCompile>
    <ClCompile Include="SourceCode\Obj.cpp">
      <Filter>Obj</Filter>
    </ClCompile>
    <ClCompile Include="SourceCode\FbxModelResource.cpp">
      <Filter>Fbx</Filter>
    </ClCompile>
    <ClCompile Include="SourceCode\ModelResource.cpp">
      <Filter>ModelResource</Filter>
    </ClCompile>
  </ItemGroup>
  <ItemGroup>
    <ClInclude Include="SourceCode\pch.h">
      <Filter>ヘッダー ファイル</Filter>
    </ClInclude>
    <ClInclude Include="SourceCode\Obj.h">
      <Filter>Obj</Filter>
    </ClInclude>
    <ClInclude Include="SourceCode\ModelResource.h">
      <Filter>ModelResource</Filter>
    </ClInclude>
    <ClInclude Include="SourceCode\FbxModelResource.h">
      <Filter>Fbx</Filter>
    </ClInclude>
  </ItemGroup>
  <ItemGroup>
    <None Include="packages.config" />
  </ItemGroup>
</Project>