<?xml version="1.0" encoding="utf-8"?>
<Project ToolsVersion="4.0" xmlns="http://schemas.microsoft.com/developer/msbuild/2003">
  <ItemGroup>
    <Filter Include="Graphics">
      <UniqueIdentifier>{d375c565-868e-4182-a92e-0ca327fd1fed}</UniqueIdentifier>
    </Filter>
    <Filter Include="Pch">
      <UniqueIdentifier>{33f9eaae-c227-4fc3-804d-029bd421a3dd}</UniqueIdentifier>
    </Filter>
    <Filter Include="Camera">
      <UniqueIdentifier>{c1ed2b76-c4f8-4650-aeb3-f714569380fe}</UniqueIdentifier>
    </Filter>
    <Filter Include="ConstantBuffer">
      <UniqueIdentifier>{48b5cdc0-db7d-4480-9870-db80099b2ed6}</UniqueIdentifier>
    </Filter>
    <Filter Include="DescriptorPool">
      <UniqueIdentifier>{ff214b0d-bcde-49c0-b333-67836f591ce0}</UniqueIdentifier>
    </Filter>
    <Filter Include="Texture">
      <UniqueIdentifier>{00fda5b7-5e90-40a5-82cb-fb8be6eaaba2}</UniqueIdentifier>
    </Filter>
    <Filter Include="RenderResourceHolder">
      <UniqueIdentifier>{eb875729-5cd3-4d7d-9b46-4ed93a0ca2ae}</UniqueIdentifier>
    </Filter>
    <Filter Include="Dx12Resource">
      <UniqueIdentifier>{20d76710-3576-46b5-84c5-9a56ec25fc06}</UniqueIdentifier>
    </Filter>
    <Filter Include="Dx12ResourceInfo">
      <UniqueIdentifier>{70e54cfb-399f-48b2-be69-855bb3da6d0a}</UniqueIdentifier>
    </Filter>
  </ItemGroup>
  <ItemGroup>
    <ClCompile Include="SourceCode\pch.cpp">
      <Filter>Pch</Filter>
    </ClCompile>
    <ClCompile Include="SourceCode\Graphics.cpp">
      <Filter>Graphics</Filter>
    </ClCompile>
    <ClCompile Include="SourceCode\GraphicsLogger.cpp" />
    <ClCompile Include="SourceCode\Camera.cpp">
      <Filter>Camera</Filter>
    </ClCompile>
    <ClCompile Include="SourceCode\ConstantBuffer.cpp">
      <Filter>ConstantBuffer</Filter>
    </ClCompile>
    <ClCompile Include="SourceCode\DescriptorPool.cpp">
      <Filter>DescriptorPool</Filter>
    </ClCompile>
    <ClCompile Include="SourceCode\DescriptorHandle.cpp">
      <Filter>DescriptorPool</Filter>
    </ClCompile>
    <ClCompile Include="SourceCode\Texture.cpp">
      <Filter>Texture</Filter>
    </ClCompile>
    <ClCompile Include="SourceCode\Dx12Resource.cpp">
      <Filter>Dx12Resource</Filter>
    </ClCompile>
    <ClCompile Include="SourceCode\Dx12ResourceHolder.cpp">
      <Filter>RenderResourceHolder</Filter>
    </ClCompile>
    <ClCompile Include="SourceCode\Dx12ResourceInfo.cpp">
      <Filter>Dx12ResourceInfo</Filter>
    </ClCompile>
  </ItemGroup>
  <ItemGroup>
    <ClInclude Include="SourceCode\pch.h">
      <Filter>Pch</Filter>
    </ClInclude>
    <ClInclude Include="SourceCode\Graphics.h">
      <Filter>Graphics</Filter>
    </ClInclude>
    <ClInclude Include="SourceCode\GraphicsLogger.h" />
    <ClInclude Include="SourceCode\Camera.h">
      <Filter>Camera</Filter>
    </ClInclude>
    <ClInclude Include="SourceCode\ConstantBuffer.h">
      <Filter>ConstantBuffer</Filter>
    </ClInclude>
    <ClInclude Include="SourceCode\DescriptorPool.h">
      <Filter>DescriptorPool</Filter>
    </ClInclude>
    <ClInclude Include="SourceCode\Pool.h">
      <Filter>DescriptorPool</Filter>
    </ClInclude>
    <ClInclude Include="SourceCode\DescriptorHandle.h">
      <Filter>DescriptorPool</Filter>
    </ClInclude>
    <ClInclude Include="SourceCode\Texture.h">
      <Filter>Texture</Filter>
    </ClInclude>
    <ClInclude Include="SourceCode\GraphicsMacro.h" />
    <ClInclude Include="SourceCode\Dx12Resource.h">
      <Filter>Dx12Resource</Filter>
    </ClInclude>
    <ClInclude Include="SourceCode\Dx12ResourceHolder.h">
      <Filter>RenderResourceHolder</Filter>
    </ClInclude>
    <ClInclude Include="SourceCode\Dx12ResourceInfo.h">
      <Filter>Dx12ResourceInfo</Filter>
    </ClInclude>
  </ItemGroup>
  <ItemGroup>
    <None Include="packages.config" />
  </ItemGroup>
</Project>