<?xml version="1.0" encoding="utf-8"?>
<Project ToolsVersion="4.0" xmlns="http://schemas.microsoft.com/developer/msbuild/2003">
  <ItemGroup>
    <Filter Include="System">
      <UniqueIdentifier>{2db9054c-fb13-402e-a37d-a715cf75cd64}</UniqueIdentifier>
    </Filter>
    <Filter Include="ReflectionHelpers">
      <UniqueIdentifier>{3ee0a652-0ff1-4544-a5fe-23bf3dfcf0b9}</UniqueIdentifier>
    </Filter>
    <Filter Include="SamplerStates">
      <UniqueIdentifier>{cfdcc1c7-66e9-42af-9c5c-2770d3fdc4cd}</UniqueIdentifier>
    </Filter>
    <Filter Include="BlendState">
      <UniqueIdentifier>{03747457-8342-4bc5-ab44-a76751e34538}</UniqueIdentifier>
    </Filter>
    <Filter Include="DepthStencilState">
      <UniqueIdentifier>{0f2f4435-3b94-4c58-8fae-75d9d1c73a8c}</UniqueIdentifier>
    </Filter>
    <Filter Include="RasterizerStates">
      <UniqueIdentifier>{237d0e3a-fbdb-4ecb-a8e6-090077c14665}</UniqueIdentifier>
    </Filter>
    <Filter Include="ShaderBuilder">
      <UniqueIdentifier>{fb575db9-1752-4fcd-a789-d022be57ac30}</UniqueIdentifier>
    </Filter>
    <Filter Include="ShaderDesc">
      <UniqueIdentifier>{96138b69-9843-4670-8e89-2f6ebf7560fc}</UniqueIdentifier>
    </Filter>
    <Filter Include="PipelineTypes">
      <UniqueIdentifier>{35ff1620-ee82-4047-9e0f-50a6bae4bc09}</UniqueIdentifier>
    </Filter>
    <Filter Include="RenderPipline">
      <UniqueIdentifier>{67784c32-a20f-437b-921c-7441fcafe130}</UniqueIdentifier>
    </Filter>
    <Filter Include="InputLayout">
      <UniqueIdentifier>{1a03c60d-5eec-4351-9765-b7bcf86c6022}</UniqueIdentifier>
    </Filter>
  </ItemGroup>
  <ItemGroup>
    <ClInclude Include="SourceCode\ReflectionHelpers.h">
      <Filter>ReflectionHelpers</Filter>
    </ClInclude>
    <ClInclude Include="SourceCode\SamplerStates.h">
      <Filter>SamplerStates</Filter>
    </ClInclude>
    <ClInclude Include="SourceCode\BlendStates.h">
      <Filter>BlendState</Filter>
    </ClInclude>
    <ClInclude Include="SourceCode\DepthStencilStates.h">
      <Filter>DepthStencilState</Filter>
    </ClInclude>
    <ClInclude Include="SourceCode\RasterizerStates.h">
      <Filter>RasterizerStates</Filter>
    </ClInclude>
    <ClInclude Include="SourceCode\ShaderBuilder.h">
      <Filter>ShaderBuilder</Filter>
    </ClInclude>
    <ClInclude Include="SourceCode\ShaderMinimun.h" />
    <ClInclude Include="SourceCode\ShaderDesc.h">
      <Filter>ShaderDesc</Filter>
    </ClInclude>
    <ClInclude Include="SourceCode\PipelineTypes.h">
      <Filter>PipelineTypes</Filter>
    </ClInclude>
    <ClInclude Include="SourceCode\RenderPipline.h">
      <Filter>RenderPipline</Filter>
    </ClInclude>
    <ClInclude Include="SourceCode\InputLayout.h">
      <Filter>InputLayout</Filter>
    </ClInclude>
  </ItemGroup>
  <ItemGroup>
    <ClCompile Include="SourceCode\ReflectionHelpers.cpp">
      <Filter>ReflectionHelpers</Filter>
    </ClCompile>
    <ClCompile Include="SourceCode\SamplerStates.cpp">
      <Filter>SamplerStates</Filter>
    </ClCompile>
    <ClCompile Include="SourceCode\BlendStates.cpp">
      <Filter>BlendState</Filter>
    </ClCompile>
    <ClCompile Include="SourceCode\DepthStencilStates.cpp">
      <Filter>DepthStencilState</Filter>
    </ClCompile>
    <ClCompile Include="SourceCode\RasterizerStates.cpp">
      <Filter>RasterizerStates</Filter>
    </ClCompile>
    <ClCompile Include="SourceCode\ShaderBuilder.cpp">
      <Filter>ShaderBuilder</Filter>
    </ClCompile>
    <ClCompile Include="SourceCode\RenderPipline.cpp">
      <Filter>RenderPipline</Filter>
    </ClCompile>
    <ClCompile Include="SourceCode\InputLayout.cpp">
      <Filter>InputLayout</Filter>
    </ClCompile>
  </ItemGroup>
  <ItemGroup>
    <None Include="packages.config" />
  </ItemGroup>
</Project>