
Microsoft Visual Studio Solution File, Format Version 12.00
# Visual Studio Version 17
VisualStudioVersion = 17.2.32630.192
MinimumVisualStudioVersion = 10.0.40219.1
Project("{8BC9CEB8-8B4A-11D0-8D11-00A0C91BC942}") = "Orca", "Orca\Orca.vcxproj", "{1617C855-F059-4B69-A0DD-C404F1931D89}"
	ProjectSection(ProjectDependencies) = postProject
		{2B489FE1-342E-47C0-A278-33686226476D} = {2B489FE1-342E-47C0-A278-33686226476D}
		{3D8D75D9-633A-44F6-A94D-86DF709164A9} = {3D8D75D9-633A-44F6-A94D-86DF709164A9}
		{7E18B339-AC3A-4140-AE68-AE6BC7CE3E72} = {7E18B339-AC3A-4140-AE68-AE6BC7CE3E72}
		{943E8EA8-5A7C-4F46-A13F-9847E0466748} = {943E8EA8-5A7C-4F46-A13F-9847E0466748}
		{B182C6BC-2E79-4A3E-9A0B-A9FE17B1374F} = {B182C6BC-2E79-4A3E-9A0B-A9FE17B1374F}
		{CEED5B6F-B1BB-4077-AE9A-D30A6AEC70F8} = {CEED5B6F-B1BB-4077-AE9A-D30A6AEC70F8}
		{E223798D-20F5-462F-BC58-4BA6599C2D01} = {E223798D-20F5-462F-BC58-4BA6599C2D01}
	EndProjectSection
EndProject
Project("{8BC9CEB8-8B4A-11D0-8D11-00A0C91BC942}") = "ConsoleLogWindow", "ConsoleLogWindow\ConsoleLogWindow.vcxproj", "{B182C6BC-2E79-4A3E-9A0B-A9FE17B1374F}"
EndProject
Project("{8BC9CEB8-8B4A-11D0-8D11-00A0C91BC942}") = "Graphics", "Graphics\Graphics.vcxproj", "{7E18B339-AC3A-4140-AE68-AE6BC7CE3E72}"
	ProjectSection(ProjectDependencies) = postProject
		{3D8D75D9-633A-44F6-A94D-86DF709164A9} = {3D8D75D9-633A-44F6-A94D-86DF709164A9}
		{4B8069ED-4A98-4CFF-AD35-800A61002434} = {4B8069ED-4A98-4CFF-AD35-800A61002434}
		{6C961994-CA5B-42DB-AE87-822AC7CE7093} = {6C961994-CA5B-42DB-AE87-822AC7CE7093}
	EndProjectSection
EndProject
Project("{8BC9CEB8-8B4A-11D0-8D11-00A0C91BC942}") = "OrcaCommon", "OrcaCommon\OrcaCommon.vcxproj", "{3D8D75D9-633A-44F6-A94D-86DF709164A9}"
EndProject
Project("{8BC9CEB8-8B4A-11D0-8D11-00A0C91BC942}") = "HLSL", "HLSL\HLSL.vcxproj", "{E223798D-20F5-462F-BC58-4BA6599C2D01}"
EndProject
Project("{8BC9CEB8-8B4A-11D0-8D11-00A0C91BC942}") = "Model", "Model\Model.vcxproj", "{CEED5B6F-B1BB-4077-AE9A-D30A6AEC70F8}"
	ProjectSection(ProjectDependencies) = postProject
		{7E18B339-AC3A-4140-AE68-AE6BC7CE3E72} = {7E18B339-AC3A-4140-AE68-AE6BC7CE3E72}
	EndProjectSection
EndProject
Project("{8BC9CEB8-8B4A-11D0-8D11-00A0C91BC942}") = "Math", "Math\Math.vcxproj", "{4B8069ED-4A98-4CFF-AD35-800A61002434}"
EndProject
Project("{8BC9CEB8-8B4A-11D0-8D11-00A0C91BC942}") = "Shader", "Shader\Shader.vcxproj", "{6C961994-CA5B-42DB-AE87-822AC7CE7093}"
EndProject
Project("{8BC9CEB8-8B4A-11D0-8D11-00A0C91BC942}") = "ComponentSystem", "ComponentSystem\ComponentSystem.vcxproj", "{943E8EA8-5A7C-4F46-A13F-9847E0466748}"
EndProject
Project("{8BC9CEB8-8B4A-11D0-8D11-00A0C91BC942}") = "ImGui", "ImGui\ImGui.vcxproj", "{2B489FE1-342E-47C0-A278-33686226476D}"
EndProject
Global
	GlobalSection(SolutionConfigurationPlatforms) = preSolution
		Debug|x64 = Debug|x64
		Debug|x86 = Debug|x86
		Release|x64 = Release|x64
		Release|x86 = Release|x86
	EndGlobalSection
	GlobalSection(ProjectConfigurationPlatforms) = postSolution
		{1617C855-F059-4B69-A0DD-C404F1931D89}.Debug|x64.ActiveCfg = Debug|x64
		{1617C855-F059-4B69-A0DD-C404F1931D89}.Debug|x64.Build.0 = Debug|x64
		{1617C855-F059-4B69-A0DD-C404F1931D89}.Debug|x86.ActiveCfg = Debug|Win32
		{1617C855-F059-4B69-A0DD-C404F1931D89}.Debug|x86.Build.0 = Debug|Win32
		{1617C855-F059-4B69-A0DD-C404F1931D89}.Release|x64.ActiveCfg = Release|x64
		{1617C855-F059-4B69-A0DD-C404F1931D89}.Release|x64.Build.0 = Release|x64
		{1617C855-F059-4B69-A0DD-C404F1931D89}.Release|x86.ActiveCfg = Release|Win32
		{1617C855-F059-4B69-A0DD-C404F1931D89}.Release|x86.Build.0 = Release|Win32
		{B182C6BC-2E79-4A3E-9A0B-A9FE17B1374F}.Debug|x64.ActiveCfg = Debug|x64
		{B182C6BC-2E79-4A3E-9A0B-A9FE17B1374F}.Debug|x64.Build.0 = Debug|x64
		{B182C6BC-2E79-4A3E-9A0B-A9FE17B1374F}.Debug|x86.ActiveCfg = Debug|Win32
		{B182C6BC-2E79-4A3E-9A0B-A9FE17B1374F}.Debug|x86.Build.0 = Debug|Win32
		{B182C6BC-2E79-4A3E-9A0B-A9FE17B1374F}.Release|x64.ActiveCfg = Release|x64
		{B182C6BC-2E79-4A3E-9A0B-A9FE17B1374F}.Release|x64.Build.0 = Release|x64
		{B182C6BC-2E79-4A3E-9A0B-A9FE17B1374F}.Release|x86.ActiveCfg = Release|Win32
		{B182C6BC-2E79-4A3E-9A0B-A9FE17B1374F}.Release|x86.Build.0 = Release|Win32
		{7E18B339-AC3A-4140-AE68-AE6BC7CE3E72}.Debug|x64.ActiveCfg = Debug|x64
		{7E18B339-AC3A-4140-AE68-AE6BC7CE3E72}.Debug|x64.Build.0 = Debug|x64
		{7E18B339-AC3A-4140-AE68-AE6BC7CE3E72}.Debug|x86.ActiveCfg = Debug|Win32
		{7E18B339-AC3A-4140-AE68-AE6BC7CE3E72}.Debug|x86.Build.0 = Debug|Win32
		{7E18B339-AC3A-4140-AE68-AE6BC7CE3E72}.Release|x64.ActiveCfg = Release|x64
		{7E18B339-AC3A-4140-AE68-AE6BC7CE3E72}.Release|x64.Build.0 = Release|x64
		{7E18B339-AC3A-4140-AE68-AE6BC7CE3E72}.Release|x86.ActiveCfg = Release|Win32
		{7E18B339-AC3A-4140-AE68-AE6BC7CE3E72}.Release|x86.Build.0 = Release|Win32
		{3D8D75D9-633A-44F6-A94D-86DF709164A9}.Debug|x64.ActiveCfg = Debug|x64
		{3D8D75D9-633A-44F6-A94D-86DF709164A9}.Debug|x64.Build.0 = Debug|x64
		{3D8D75D9-633A-44F6-A94D-86DF709164A9}.Debug|x86.ActiveCfg = Debug|Win32
		{3D8D75D9-633A-44F6-A94D-86DF709164A9}.Debug|x86.Build.0 = Debug|Win32
		{3D8D75D9-633A-44F6-A94D-86DF709164A9}.Release|x64.ActiveCfg = Release|x64
		{3D8D75D9-633A-44F6-A94D-86DF709164A9}.Release|x64.Build.0 = Release|x64
		{3D8D75D9-633A-44F6-A94D-86DF709164A9}.Release|x86.ActiveCfg = Release|Win32
		{3D8D75D9-633A-44F6-A94D-86DF709164A9}.Release|x86.Build.0 = Release|Win32
		{E223798D-20F5-462F-BC58-4BA6599C2D01}.Debug|x64.ActiveCfg = Debug|x64
		{E223798D-20F5-462F-BC58-4BA6599C2D01}.Debug|x64.Build.0 = Debug|x64
		{E223798D-20F5-462F-BC58-4BA6599C2D01}.Debug|x86.ActiveCfg = Debug|Win32
		{E223798D-20F5-462F-BC58-4BA6599C2D01}.Debug|x86.Build.0 = Debug|Win32
		{E223798D-20F5-462F-BC58-4BA6599C2D01}.Release|x64.ActiveCfg = Release|x64
		{E223798D-20F5-462F-BC58-4BA6599C2D01}.Release|x64.Build.0 = Release|x64
		{E223798D-20F5-462F-BC58-4BA6599C2D01}.Release|x86.ActiveCfg = Release|Win32
		{E223798D-20F5-462F-BC58-4BA6599C2D01}.Release|x86.Build.0 = Release|Win32
		{CEED5B6F-B1BB-4077-AE9A-D30A6AEC70F8}.Debug|x64.ActiveCfg = Debug|x64
		{CEED5B6F-B1BB-4077-AE9A-D30A6AEC70F8}.Debug|x64.Build.0 = Debug|x64
		{CEED5B6F-B1BB-4077-AE9A-D30A6AEC70F8}.Debug|x86.ActiveCfg = Debug|Win32
		{CEED5B6F-B1BB-4077-AE9A-D30A6AEC70F8}.Debug|x86.Build.0 = Debug|Win32
		{CEED5B6F-B1BB-4077-AE9A-D30A6AEC70F8}.Release|x64.ActiveCfg = Release|x64
		{CEED5B6F-B1BB-4077-AE9A-D30A6AEC70F8}.Release|x64.Build.0 = Release|x64
		{CEED5B6F-B1BB-4077-AE9A-D30A6AEC70F8}.Release|x86.ActiveCfg = Release|Win32
		{CEED5B6F-B1BB-4077-AE9A-D30A6AEC70F8}.Release|x86.Build.0 = Release|Win32
		{4B8069ED-4A98-4CFF-AD35-800A61002434}.Debug|x64.ActiveCfg = Debug|x64
		{4B8069ED-4A98-4CFF-AD35-800A61002434}.Debug|x64.Build.0 = Debug|x64
		{4B8069ED-4A98-4CFF-AD35-800A61002434}.Debug|x86.ActiveCfg = Debug|Win32
		{4B8069ED-4A98-4CFF-AD35-800A61002434}.Debug|x86.Build.0 = Debug|Win32
		{4B8069ED-4A98-4CFF-AD35-800A61002434}.Release|x64.ActiveCfg = Release|x64
		{4B8069ED-4A98-4CFF-AD35-800A61002434}.Release|x64.Build.0 = Release|x64
		{4B8069ED-4A98-4CFF-AD35-800A61002434}.Release|x86.ActiveCfg = Release|Win32
		{4B8069ED-4A98-4CFF-AD35-800A61002434}.Release|x86.Build.0 = Release|Win32
		{6C961994-CA5B-42DB-AE87-822AC7CE7093}.Debug|x64.ActiveCfg = Debug|x64
		{6C961994-CA5B-42DB-AE87-822AC7CE7093}.Debug|x64.Build.0 = Debug|x64
		{6C961994-CA5B-42DB-AE87-822AC7CE7093}.Debug|x86.ActiveCfg = Debug|Win32
		{6C961994-CA5B-42DB-AE87-822AC7CE7093}.Debug|x86.Build.0 = Debug|Win32
		{6C961994-CA5B-42DB-AE87-822AC7CE7093}.Release|x64.ActiveCfg = Release|x64
		{6C961994-CA5B-42DB-AE87-822AC7CE7093}.Release|x64.Build.0 = Release|x64
		{6C961994-CA5B-42DB-AE87-822AC7CE7093}.Release|x86.ActiveCfg = Release|Win32
		{6C961994-CA5B-42DB-AE87-822AC7CE7093}.Release|x86.Build.0 = Release|Win32
		{943E8EA8-5A7C-4F46-A13F-9847E0466748}.Debug|x64.ActiveCfg = Debug|x64
		{943E8EA8-5A7C-4F46-A13F-9847E0466748}.Debug|x64.Build.0 = Debug|x64
		{943E8EA8-5A7C-4F46-A13F-9847E0466748}.Debug|x86.ActiveCfg = Debug|Win32
		{943E8EA8-5A7C-4F46-A13F-9847E0466748}.Debug|x86.Build.0 = Debug|Win32
		{943E8EA8-5A7C-4F46-A13F-9847E0466748}.Release|x64.ActiveCfg = Release|x64
		{943E8EA8-5A7C-4F46-A13F-9847E0466748}.Release|x64.Build.0 = Release|x64
		{943E8EA8-5A7C-4F46-A13F-9847E0466748}.Release|x86.ActiveCfg = Release|Win32
		{943E8EA8-5A7C-4F46-A13F-9847E0466748}.Release|x86.Build.0 = Release|Win32
		{2B489FE1-342E-47C0-A278-33686226476D}.Debug|x64.ActiveCfg = Debug|x64
		{2B489FE1-342E-47C0-A278-33686226476D}.Debug|x64.Build.0 = Debug|x64
		{2B489FE1-342E-47C0-A278-33686226476D}.Debug|x86.ActiveCfg = Debug|Win32
		{2B489FE1-342E-47C0-A278-33686226476D}.Debug|x86.Build.0 = Debug|Win32
		{2B489FE1-342E-47C0-A278-33686226476D}.Release|x64.ActiveCfg = Release|x64
		{2B489FE1-342E-47C0-A278-33686226476D}.Release|x64.Build.0 = Release|x64
		{2B489FE1-342E-47C0-A278-33686226476D}.Release|x86.ActiveCfg = Release|Win32
		{2B489FE1-342E-47C0-A278-33686226476D}.Release|x86.Build.0 = Release|Win32
	EndGlobalSection
	GlobalSection(SolutionProperties) = preSolution
		HideSolutionNode = FALSE
	EndGlobalSection
	GlobalSection(ExtensibilityGlobals) = postSolution
		SolutionGuid = {5847DB58-9CF1-4C5E-975B-D2987490C063}
	EndGlobalSection
EndGlobal
