<?xml version="1.0" encoding="utf-8"?>
<Project ToolsVersion="4.0" xmlns="http://schemas.microsoft.com/developer/msbuild/2003">
  <ItemGroup>
    <Filter Include="ソース ファイル">
      <UniqueIdentifier>{4FC737F1-C7A5-4376-A066-2A32D752A2FF}</UniqueIdentifier>
      <Extensions>cpp;c;cc;cxx;c++;cppm;ixx;def;odl;idl;hpj;bat;asm;asmx</Extensions>
    </Filter>
    <Filter Include="ヘッダー ファイル">
      <UniqueIdentifier>{93995380-89BD-4b04-88EB-625FBE52EBFB}</UniqueIdentifier>
      <Extensions>h;hh;hpp;hxx;h++;hm;inl;inc;ipp;xsd</Extensions>
    </Filter>
    <Filter Include="リソース ファイル">
      <UniqueIdentifier>{67DA6AB6-F800-4c08-8B7A-83BB121AAD01}</UniqueIdentifier>
      <Extensions>rc;ico;cur;bmp;dlg;rc2;rct;bin;rgs;gif;jpg;jpeg;jpe;resx;tiff;tif;png;wav;mfcribbon-ms</Extensions>
    </Filter>
    <Filter Include="Transform">
      <UniqueIdentifier>{7a831992-a6d6-4f0f-91ae-f7581f3798c3}</UniqueIdentifier>
    </Filter>
    <Filter Include="ObjRenderer">
      <UniqueIdentifier>{b1fe09fc-3530-489b-83d3-a759d287e799}</UniqueIdentifier>
    </Filter>
    <Filter Include="ObjMesh">
      <UniqueIdentifier>{fa80d657-d187-4296-9f4b-460823794426}</UniqueIdentifier>
    </Filter>
    <Filter Include="Renderer">
      <UniqueIdentifier>{1eaba920-8f7d-4f91-bda9-0a7324b2548a}</UniqueIdentifier>
    </Filter>
    <Filter Include="Systems">
      <UniqueIdentifier>{ab9dcdf6-a6de-406c-aca6-3dfc54539d07}</UniqueIdentifier>
    </Filter>
    <Filter Include="Systems\BaseSystem">
      <UniqueIdentifier>{222f353f-2272-465f-ad65-07926362a994}</UniqueIdentifier>
    </Filter>
    <Filter Include="Systems\RenderSystem">
      <UniqueIdentifier>{b9baecb2-c4a7-41f1-9f0c-528b703a3303}</UniqueIdentifier>
    </Filter>
    <Filter Include="FbxMesh">
      <UniqueIdentifier>{5aca8067-8c23-4a34-8113-d9bcb468183a}</UniqueIdentifier>
    </Filter>
    <Filter Include="MeshRenderer">
      <UniqueIdentifier>{904cca5f-68d7-4cd0-9592-72c4072f736e}</UniqueIdentifier>
    </Filter>
    <Filter Include="FbxRemderer">
      <UniqueIdentifier>{059f4fd0-72b5-4bd1-ba40-427cd352bd31}</UniqueIdentifier>
    </Filter>
  </ItemGroup>
  <ItemGroup>
    <ClInclude Include="SourceCode\Transform.h">
      <Filter>Transform</Filter>
    </ClInclude>
    <ClInclude Include="SourceCode\ObjMesh.h">
      <Filter>ObjMesh</Filter>
    </ClInclude>
    <ClInclude Include="SourceCode\ObjRenderer.h">
      <Filter>ObjRenderer</Filter>
    </ClInclude>
    <ClInclude Include="SourceCode\Renderer.h">
      <Filter>Renderer</Filter>
    </ClInclude>
    <ClInclude Include="SourceCode\RendererSystem.h">
      <Filter>Systems\RenderSystem</Filter>
    </ClInclude>
    <ClInclude Include="SourceCode\SystemBase.h">
      <Filter>Systems\BaseSystem</Filter>
    </ClInclude>
    <ClInclude Include="SourceCode\FbxMesh.h">
      <Filter>FbxMesh</Filter>
    </ClInclude>
    <ClInclude Include="SourceCode\MeshRenderer.h">
      <Filter>MeshRenderer</Filter>
    </ClInclude>
    <ClInclude Include="SourceCode\FbxRenderer.h">
      <Filter>FbxRemderer</Filter>
    </ClInclude>
  </ItemGroup>
  <ItemGroup>
    <ClCompile Include="SourceCode\Transform.cpp">
      <Filter>Transform</Filter>
    </ClCompile>
    <ClCompile Include="SourceCode\ObjMesh.cpp">
      <Filter>ObjMesh</Filter>
    </ClCompile>
    <ClCompile Include="SourceCode\ObjRenderer.cpp">
      <Filter>ObjRenderer</Filter>
    </ClCompile>
    <ClCompile Include="SourceCode\Renderer.cpp">
      <Filter>Renderer</Filter>
    </ClCompile>
    <ClCompile Include="SourceCode\RendererSystem.cpp">
      <Filter>Systems\RenderSystem</Filter>
    </ClCompile>
    <ClCompile Include="SourceCode\FbxMesh.cpp">
      <Filter>FbxMesh</Filter>
    </ClCompile>
    <ClCompile Include="SourceCode\MeshRenderer.cpp">
      <Filter>MeshRenderer</Filter>
    </ClCompile>
    <ClCompile Include="SourceCode\FbxRenderer.cpp">
      <Filter>FbxRemderer</Filter>
    </ClCompile>
  </ItemGroup>
  <ItemGroup>
    <None Include="packages.config" />
    <None Include="ClassDiagram.cd" />
  </ItemGroup>
</Project>