<?xml version="1.0" encoding="utf-8"?>
<Project ToolsVersion="4.0" xmlns="http://schemas.microsoft.com/developer/msbuild/2003">
  <ItemGroup>
    <Filter Include="Quaternion">
      <UniqueIdentifier>{b42314ea-70ec-44ec-965a-38de502fb651}</UniqueIdentifier>
    </Filter>
    <Filter Include="VectorOperator">
      <UniqueIdentifier>{04607e86-3b61-4639-aa28-1b0c423166e7}</UniqueIdentifier>
    </Filter>
    <Filter Include="Vector">
      <UniqueIdentifier>{ee92d03a-4bd7-4382-9187-3c6bff398930}</UniqueIdentifier>
    </Filter>
    <Filter Include="HashSystem">
      <UniqueIdentifier>{28d12713-e4f9-44a8-99c6-15fdc60781d5}</UniqueIdentifier>
    </Filter>
    <Filter Include="Matrix">
      <UniqueIdentifier>{50dc0e96-df85-4119-95aa-854425e53704}</UniqueIdentifier>
    </Filter>
    <Filter Include="MathIncluder">
      <UniqueIdentifier>{b4d2a914-97d4-447e-b91f-fe47bda934ab}</UniqueIdentifier>
    </Filter>
    <Filter Include="pch">
      <UniqueIdentifier>{d7e9d311-f5a8-4f3d-a573-749ff4bd1174}</UniqueIdentifier>
    </Filter>
    <Filter Include="Coordinate">
      <UniqueIdentifier>{c8ffce89-3190-4ae0-b749-ae6482dbc973}</UniqueIdentifier>
    </Filter>
  </ItemGroup>
  <ItemGroup>
    <ClInclude Include="SourceCode\Quaternion.h">
      <Filter>Quaternion</Filter>
    </ClInclude>
    <ClInclude Include="SourceCode\VectorOperator.h">
      <Filter>VectorOperator</Filter>
    </ClInclude>
    <ClInclude Include="SourceCode\Vector.h">
      <Filter>Vector</Filter>
    </ClInclude>
    <ClInclude Include="SourceCode\MathMinimum.h">
      <Filter>MathIncluder</Filter>
    </ClInclude>
    <ClInclude Include="SourceCode\MatrixHelper.h">
      <Filter>Matrix</Filter>
    </ClInclude>
    <ClInclude Include="SourceCode\Matrix.h">
      <Filter>Matrix</Filter>
    </ClInclude>
    <ClInclude Include="SourceCode\Vector3.h">
      <Filter>Vector</Filter>
    </ClInclude>
    <ClInclude Include="SourceCode\Vector4.h">
      <Filter>Vector</Filter>
    </ClInclude>
    <ClInclude Include="SourceCode\pch.h">
      <Filter>pch</Filter>
    </ClInclude>
    <ClInclude Include="SourceCode\Coordinate.h">
      <Filter>Coordinate</Filter>
    </ClInclude>
    <ClInclude Include="SourceCode\Vector2.h">
      <Filter>Vector</Filter>
    </ClInclude>
  </ItemGroup>
  <ItemGroup>
    <ClCompile Include="SourceCode\Quaternion.cpp">
      <Filter>Quaternion</Filter>
    </ClCompile>
    <ClCompile Include="SourceCode\VectorOperator.cpp">
      <Filter>VectorOperator</Filter>
    </ClCompile>
    <ClCompile Include="SourceCode\Vector.cpp">
      <Filter>Vector</Filter>
    </ClCompile>
    <ClCompile Include="SourceCode\MatrixHelper.cpp">
      <Filter>Matrix</Filter>
    </ClCompile>
    <ClCompile Include="SourceCode\Matrix.cpp">
      <Filter>Matrix</Filter>
    </ClCompile>
    <ClCompile Include="SourceCode\Vector3.cpp">
      <Filter>Vector</Filter>
    </ClCompile>
    <ClCompile Include="SourceCode\Vector4.cpp">
      <Filter>Vector</Filter>
    </ClCompile>
    <ClCompile Include="SourceCode\pch.cpp">
      <Filter>pch</Filter>
    </ClCompile>
    <ClCompile Include="SourceCode\Vector2.cpp">
      <Filter>Vector</Filter>
    </ClCompile>
  </ItemGroup>
  <ItemGroup>
    <None Include="packages.config" />
  </ItemGroup>
</Project>