<?xml version="1.0" encoding="utf-8"?>
<Project ToolsVersion="4.0" xmlns="http://schemas.microsoft.com/developer/msbuild/2003">
  <ItemGroup>
    <ClInclude Include="SourceCode\ScreenConstants.h" />
    <ClInclude Include="SourceCode\OrcaException.h" />
    <ClInclude Include="SourceCode\MacroMinmam.h" />
    <ClInclude Include="SourceCode\ShaderType.h" />
    <ClInclude Include="SourceCode\Constructors.h" />
    <ClInclude Include="SourceCode\Misc.h" />
    <ClInclude Include="SourceCode\Encoding.h">
      <Filter>Encoding</Filter>
    </ClInclude>
    <ClInclude Include="SourceCode\MacroMemory.h" />
  </ItemGroup>
  <ItemGroup>
    <None Include="packages.config" />
  </ItemGroup>
  <ItemGroup>
    <Filter Include="Encoding">
      <UniqueIdentifier>{67650d00-55ef-44b9-a568-139a3b935e00}</UniqueIdentifier>
    </Filter>
  </ItemGroup>
  <ItemGroup>
    <ClCompile Include="SourceCode\Encoding.cpp">
      <Filter>Encoding</Filter>
    </ClCompile>
  </ItemGroup>
</Project>