<?xml version="1.0" encoding="utf-8"?>
<Project ToolsVersion="4.0" xmlns="http://schemas.microsoft.com/developer/msbuild/2003">
  <ItemGroup>
    <Filter Include="ソース ファイル">
      <UniqueIdentifier>{4FC737F1-C7A5-4376-A066-2A32D752A2FF}</UniqueIdentifier>
      <Extensions>cpp;c;cc;cxx;c++;cppm;ixx;def;odl;idl;hpj;bat;asm;asmx</Extensions>
    </Filter>
    <Filter Include="ヘッダー ファイル">
      <UniqueIdentifier>{93995380-89BD-4b04-88EB-625FBE52EBFB}</UniqueIdentifier>
      <Extensions>h;hh;hpp;hxx;h++;hm;inl;inc;ipp;xsd</Extensions>
    </Filter>
    <Filter Include="リソース ファイル">
      <UniqueIdentifier>{67DA6AB6-F800-4c08-8B7A-83BB121AAD01}</UniqueIdentifier>
      <Extensions>rc;ico;cur;bmp;dlg;rc2;rct;bin;rgs;gif;jpg;jpeg;jpe;resx;tiff;tif;png;wav;mfcribbon-ms</Extensions>
    </Filter>
    <Filter Include="ImGui">
      <UniqueIdentifier>{23da1e8b-1447-49f1-88b6-6d5a1aabe88e}</UniqueIdentifier>
    </Filter>
    <Filter Include="ImGuiSetting">
      <UniqueIdentifier>{e333022f-fe0a-4b98-8f06-6887752bbc3a}</UniqueIdentifier>
    </Filter>
    <Filter Include="ImGuiBackends">
      <UniqueIdentifier>{d684e85a-c008-4165-b3d5-a457e75db218}</UniqueIdentifier>
    </Filter>
    <Filter Include="ImGuiHelper">
      <UniqueIdentifier>{453a1b8e-3ad8-447a-8f80-3acca3a84255}</UniqueIdentifier>
    </Filter>
    <Filter Include="GuiInclude">
      <UniqueIdentifier>{93147e8e-60c8-4b72-b29e-6dfed0f660a8}</UniqueIdentifier>
    </Filter>
    <Filter Include="ScopedGui">
      <UniqueIdentifier>{58d9f707-83e6-454f-9508-d94ea03d2937}</UniqueIdentifier>
    </Filter>
  </ItemGroup>
  <ItemGroup>
    <ClInclude Include="ImGui\imconfig.h">
      <Filter>ImGui</Filter>
    </ClInclude>
    <ClInclude Include="ImGui\imgui.h">
      <Filter>ImGui</Filter>
    </ClInclude>
    <ClInclude Include="ImGui\imgui_internal.h">
      <Filter>ImGui</Filter>
    </ClInclude>
    <ClInclude Include="ImGui\imstb_rectpack.h">
      <Filter>ImGui</Filter>
    </ClInclude>
    <ClInclude Include="ImGui\imstb_textedit.h">
      <Filter>ImGui</Filter>
    </ClInclude>
    <ClInclude Include="ImGui\imstb_truetype.h">
      <Filter>ImGui</Filter>
    </ClInclude>
    <ClInclude Include="ImGui\backends\imgui_impl_dx12.h">
      <Filter>ImGuiBackends</Filter>
    </ClInclude>
    <ClInclude Include="ImGui\backends\imgui_impl_win32.h">
      <Filter>ImGuiBackends</Filter>
    </ClInclude>
    <ClInclude Include="SourceCode\ImGuiSetting.h">
      <Filter>ImGuiSetting</Filter>
    </ClInclude>
    <ClInclude Include="SourceCode\ImGuiHelper.h">
      <Filter>ImGuiHelper</Filter>
    </ClInclude>
    <ClInclude Include="SourceCode\ScopedGui.h">
      <Filter>ScopedGui</Filter>
    </ClInclude>
    <ClInclude Include="SourceCode\GuiInclude.h">
      <Filter>GuiInclude</Filter>
    </ClInclude>
  </ItemGroup>
  <ItemGroup>
    <ClCompile Include="ImGui\imgui.cpp">
      <Filter>ImGui</Filter>
    </ClCompile>
    <ClCompile Include="ImGui\imgui_demo.cpp">
      <Filter>ImGui</Filter>
    </ClCompile>
    <ClCompile Include="ImGui\imgui_draw.cpp">
      <Filter>ImGui</Filter>
    </ClCompile>
    <ClCompile Include="ImGui\imgui_tables.cpp">
      <Filter>ImGui</Filter>
    </ClCompile>
    <ClCompile Include="ImGui\imgui_widgets.cpp">
      <Filter>ImGui</Filter>
    </ClCompile>
    <ClCompile Include="ImGui\backends\imgui_impl_dx12.cpp">
      <Filter>ImGuiBackends</Filter>
    </ClCompile>
    <ClCompile Include="ImGui\backends\imgui_impl_win32.cpp">
      <Filter>ImGuiBackends</Filter>
    </ClCompile>
    <ClCompile Include="SourceCode\ImGuiSetting.cpp">
      <Filter>ImGuiSetting</Filter>
    </ClCompile>
    <ClCompile Include="SourceCode\ImGuiHelper.cpp">
      <Filter>ImGuiHelper</Filter>
    </ClCompile>
    <ClCompile Include="SourceCode\ScopedGui.cpp">
      <Filter>ScopedGui</Filter>
    </ClCompile>
  </ItemGroup>
</Project>