<?xml version="1.0" encoding="utf-8"?>
<Project ToolsVersion="4.0" xmlns="http://schemas.microsoft.com/developer/msbuild/2003">
  <ItemGroup>
    <Filter Include="Simple">
      <UniqueIdentifier>{d474251d-494e-4281-89e9-dc51f971e3ad}</UniqueIdentifier>
    </Filter>
    <Filter Include="Common">
      <UniqueIdentifier>{e154667b-6d5c-4662-b748-2a2dc5735153}</UniqueIdentifier>
    </Filter>
    <Filter Include="SimpleTex">
      <UniqueIdentifier>{76993bfb-d267-4016-8409-7005c21cc3c8}</UniqueIdentifier>
    </Filter>
    <Filter Include="Obj">
      <UniqueIdentifier>{90e06b44-0079-48c0-a4b1-d298100d7aac}</UniqueIdentifier>
    </Filter>
  </ItemGroup>
  <ItemGroup>
    <FxCompile Include="SourceCode\SimpleVs.hlsl">
      <Filter>Simple</Filter>
    </FxCompile>
    <FxCompile Include="SourceCode\SimplePs.hlsl">
      <Filter>Simple</Filter>
    </FxCompile>
    <FxCompile Include="SourceCode\SimpleTexPs.hlsl">
      <Filter>SimpleTex</Filter>
    </FxCompile>
    <FxCompile Include="SourceCode\SimpleTexVs.hlsl">
      <Filter>SimpleTex</Filter>
    </FxCompile>
    <FxCompile Include="SourceCode\ObjVs.hlsl">
      <Filter>Obj</Filter>
    </FxCompile>
    <FxCompile Include="SourceCode\ObjPs.hlsl">
      <Filter>Obj</Filter>
    </FxCompile>
  </ItemGroup>
  <ItemGroup>
    <None Include="SourceCode\Simple.hlsli">
      <Filter>Simple</Filter>
    </None>
    <None Include="SourceCode\Camera.hlsli">
      <Filter>Common</Filter>
    </None>
    <None Include="SourceCode\SimpleTex.hlsli">
      <Filter>SimpleTex</Filter>
    </None>
    <None Include="SourceCode\Obj.hlsli">
      <Filter>Obj</Filter>
    </None>
  </ItemGroup>
</Project>